{
  "name": "shadow-js-test",
  "version": "1.0.0",
  "lockfileVersion": 2,
  "requires": true,
  "packages": {
    "": {
      "name": "shadow-js-test",
      "version": "1.0.0",
      "hasInstallScript": true,
      "license": "private",
      "dependencies": {
        "shadow-js": "file:../lib"
      }
    },
    "../lib": {
      "name": "shadow-js",
      "version": "1.0.0",
      "license": "private",
      "devDependencies": {
        "@tsconfig/recommended": "^1.0.1",
        "prettier": "^2.7.1",
        "tslint": "^6.1.3",
        "tslint-config-prettier": "^1.18.0",
        "typescript": "^4.8.4"
      }
    },
    "../pkg": {
      "name": "shadow-js",
      "version": "1.0.0",
      "extraneous": true,
      "license": "private",
      "devDependencies": {
        "@tsconfig/recommended": "^1.0.1",
        "prettier": "^2.7.1",
        "tslint": "^6.1.3",
        "tslint-config-prettier": "^1.18.0",
        "typescript": "^4.8.4"
      }
    },
    "node_modules/shadow-js": {
      "resolved": "../lib",
      "link": true
    }
  },
  "dependencies": {
    "shadow-js": {
      "version": "file:../lib",
      "requires": {
        "@tsconfig/recommended": "^1.0.1",
        "prettier": "^2.7.1",
        "tslint": "^6.1.3",
        "tslint-config-prettier": "^1.18.0",
        "typescript": "^4.8.4"
      }
    }
  }
}
